
Microsoft Visual Studio Solution File, Format Version 12.00
# Visual Studio Version 16
VisualStudioVersion = 16.0.30114.105
MinimumVisualStudioVersion = 10.0.40219.1
Project("{FAE04EC0-301F-11D3-BF4B-00C04F79EFBC}") = "MyApp", "MyApp\MyApp.csproj", "{BC0F7E39-5E74-4221-9899-436F6A47684C}"
EndProject
Global
	GlobalSection(SolutionConfigurationPlatforms) = preSolution
		Debug|Any CPU = Debug|Any CPU
		Release|Any CPU = Release|Any CPU
	EndGlobalSection
	GlobalSection(SolutionProperties) = preSolution
		HideSolutionNode = FALSE
	EndGlobalSection
	GlobalSection(ProjectConfigurationPlatforms) = postSolution
		{BC0F7E39-5E74-4221-9899-436F6A47684C}.Debug|Any CPU.ActiveCfg = Debug|Any CPU
		{BC0F7E39-5E74-4221-9899-436F6A47684C}.Debug|Any CPU.Build.0 = Debug|Any CPU
		{BC0F7E39-5E74-4221-9899-436F6A47684C}.Release|Any CPU.ActiveCfg = Release|Any CPU
		{BC0F7E39-5E74-4221-9899-436F6A47684C}.Release|Any CPU.Build.0 = Release|Any CPU
	EndGlobalSection
EndGlobal
